
Microsoft Visual Studio Solution File, Format Version 12.00
# Visual Studio Version 17
VisualStudioVersion = 17.0.31612.314
MinimumVisualStudioVersion = 10.0.40219.1
Project("{2150E333-8FDC-42A3-9474-1A3956D46DE8}") = "Solution Items", "Solution Items", "{ECE2D32E-18E9-4BD9-9EF7-7DD27719D5B2}"
	ProjectSection(SolutionItems) = preProject
		Readme.md = Readme.md
	EndProjectSection
EndProject
Project("{9A19103F-16F7-4668-BE54-9A1E7A4F7556}") = "Smartwyre.DeveloperTest", "Smartwyre.DeveloperTest\Smartwyre.DeveloperTest.csproj", "{F79DD544-03FB-417B-AA85-A6B56309FFA4}"
EndProject
Project("{9A19103F-16F7-4668-BE54-9A1E7A4F7556}") = "Smartwyre.DeveloperTest.Runner", "Smartwyre.DeveloperTest.Runner\Smartwyre.DeveloperTest.Runner.csproj", "{56F1C274-EA12-45ED-A49B-7915A9182DE9}"
EndProject
Project("{9A19103F-16F7-4668-BE54-9A1E7A4F7556}") = "Smartwyre.DeveloperTest.Tests", "Smartwyre.DeveloperTest.Tests\Smartwyre.DeveloperTest.Tests.csproj", "{5AE105B2-CCEE-4808-9180-BA092517CADE}"
EndProject
Global
	GlobalSection(SolutionConfigurationPlatforms) = preSolution
		Debug|Any CPU = Debug|Any CPU
		Release|Any CPU = Release|Any CPU
	EndGlobalSection
	GlobalSection(ProjectConfigurationPlatforms) = postSolution
		{F79DD544-03FB-417B-AA85-A6B56309FFA4}.Debug|Any CPU.ActiveCfg = Debug|Any CPU
		{F79DD544-03FB-417B-AA85-A6B56309FFA4}.Debug|Any CPU.Build.0 = Debug|Any CPU
		{F79DD544-03FB-417B-AA85-A6B56309FFA4}.Release|Any CPU.ActiveCfg = Release|Any CPU
		{F79DD544-03FB-417B-AA85-A6B56309FFA4}.Release|Any CPU.Build.0 = Release|Any CPU
		{56F1C274-EA12-45ED-A49B-7915A9182DE9}.Debug|Any CPU.ActiveCfg = Debug|Any CPU
		{56F1C274-EA12-45ED-A49B-7915A9182DE9}.Debug|Any CPU.Build.0 = Debug|Any CPU
		{56F1C274-EA12-45ED-A49B-7915A9182DE9}.Release|Any CPU.ActiveCfg = Release|Any CPU
		{56F1C274-EA12-45ED-A49B-7915A9182DE9}.Release|Any CPU.Build.0 = Release|Any CPU
		{5AE105B2-CCEE-4808-9180-BA092517CADE}.Debug|Any CPU.ActiveCfg = Debug|Any CPU
		{5AE105B2-CCEE-4808-9180-BA092517CADE}.Debug|Any CPU.Build.0 = Debug|Any CPU
		{5AE105B2-CCEE-4808-9180-BA092517CADE}.Release|Any CPU.ActiveCfg = Release|Any CPU
		{5AE105B2-CCEE-4808-9180-BA092517CADE}.Release|Any CPU.Build.0 = Release|Any CPU
	EndGlobalSection
	GlobalSection(SolutionProperties) = preSolution
		HideSolutionNode = FALSE
	EndGlobalSection
	GlobalSection(ExtensibilityGlobals) = postSolution
		SolutionGuid = {EC9021DC-300B-4094-963E-D9ACBA35615A}
	EndGlobalSection
EndGlobal
